// !$*UTF8*$!
{
	archiveVersion = 1;
	classes = {
	};
	objectVersion = 46;
	objects = {

/* Begin PBXBuildFile section */
		22801F661A9E3828001DA901 /* SlideNavigationController.m in Sources */ = {isa = PBXBuildFile; fileRef = 22801F651A9E3828001DA901 /* SlideNavigationController.m */; };
		22801F731A9E385D001DA901 /* SlideNavigationContorllerAnimatorSlide.m in Sources */ = {isa = PBXBuildFile; fileRef = 22801F691A9E385D001DA901 /* SlideNavigationContorllerAnimatorSlide.m */; };
		22801F741A9E385D001DA901 /* SlideNavigationContorllerAnimatorFade.m in Sources */ = {isa = PBXBuildFile; fileRef = 22801F6B1A9E385D001DA901 /* SlideNavigationContorllerAnimatorFade.m */; };
		22801F751A9E385D001DA901 /* SlideNavigationContorllerAnimatorSlideAndFade.m in Sources */ = {isa = PBXBuildFile; fileRef = 22801F6D1A9E385D001DA901 /* SlideNavigationContorllerAnimatorSlideAndFade.m */; };
		22801F761A9E385D001DA901 /* SlideNavigationContorllerAnimatorScale.m in Sources */ = {isa = PBXBuildFile; fileRef = 22801F6F1A9E385D001DA901 /* SlideNavigationContorllerAnimatorScale.m */; };
		22801F771A9E385D001DA901 /* SlideNavigationContorllerAnimatorScaleAndFade.m in Sources */ = {isa = PBXBuildFile; fileRef = 22801F711A9E385D001DA901 /* SlideNavigationContorllerAnimatorScaleAndFade.m */; };
		2288FEFB1A9BEABC00E680FB /* Images.xcassets in Resources */ = {isa = PBXBuildFile; fileRef = 2288FEFA1A9BEABC00E680FB /* Images.xcassets */; };
		22E3D26619C35FE600025701 /* Foundation.framework in Frameworks */ = {isa = PBXBuildFile; fileRef = 22E3D26519C35FE600025701 /* Foundation.framework */; };
		22E3D26819C35FE600025701 /* CoreGraphics.framework in Frameworks */ = {isa = PBXBuildFile; fileRef = 22E3D26719C35FE600025701 /* CoreGraphics.framework */; };
		22E3D26A19C35FE600025701 /* UIKit.framework in Frameworks */ = {isa = PBXBuildFile; fileRef = 22E3D26919C35FE600025701 /* UIKit.framework */; };
		22E3D27019C35FE600025701 /* InfoPlist.strings in Resources */ = {isa = PBXBuildFile; fileRef = 22E3D26E19C35FE600025701 /* InfoPlist.strings */; };
		22E3D27219C35FE600025701 /* main.m in Sources */ = {isa = PBXBuildFile; fileRef = 22E3D27119C35FE600025701 /* main.m */; };
		22E3D27619C35FE600025701 /* AppDelegate.m in Sources */ = {isa = PBXBuildFile; fileRef = 22E3D27519C35FE600025701 /* AppDelegate.m */; };
		22E3D27F19C35FE600025701 /* HomeViewController.m in Sources */ = {isa = PBXBuildFile; fileRef = 22E3D27E19C35FE600025701 /* HomeViewController.m */; };
		22E3D29F19C3689E00025701 /* ListViewController.m in Sources */ = {isa = PBXBuildFile; fileRef = 22E3D29E19C3689E00025701 /* ListViewController.m */; };
		22E3D2A219C368A600025701 /* DetailViewController.m in Sources */ = {isa = PBXBuildFile; fileRef = 22E3D2A119C368A600025701 /* DetailViewController.m */; };
		22E3D2A519C36B3900025701 /* WebViewController.m in Sources */ = {isa = PBXBuildFile; fileRef = 22E3D2A419C36B3900025701 /* WebViewController.m */; };
		F416DFE01AA0072D00B152BA /* DeveloperWebsiteViewController.m in Sources */ = {isa = PBXBuildFile; fileRef = F416DFDF1AA0072D00B152BA /* DeveloperWebsiteViewController.m */; };
		F4189AD71A840C880014287E /* backbutton.png in Resources */ = {isa = PBXBuildFile; fileRef = F4189AD61A840C880014287E /* backbutton.png */; };
		F422462C1A83EAD3002C7D70 /* TitleViewController.m in Sources */ = {isa = PBXBuildFile; fileRef = F422462B1A83EAD3002C7D70 /* TitleViewController.m */; };
		F422462E1A83EB20002C7D70 /* title.png in Resources */ = {isa = PBXBuildFile; fileRef = F422462D1A83EB20002C7D70 /* title.png */; };
		F42246371A83EE60002C7D70 /* SideMenuViewController.m in Sources */ = {isa = PBXBuildFile; fileRef = F42246351A83EE60002C7D70 /* SideMenuViewController.m */; };
		F42246381A83EE60002C7D70 /* SideMenuViewController.xib in Resources */ = {isa = PBXBuildFile; fileRef = F42246361A83EE60002C7D70 /* SideMenuViewController.xib */; };
		F422463D1A83F162002C7D70 /* BaseViewController.m in Sources */ = {isa = PBXBuildFile; fileRef = F422463C1A83F162002C7D70 /* BaseViewController.m */; };
		F422463F1A83F235002C7D70 /* bg.png in Resources */ = {isa = PBXBuildFile; fileRef = F422463E1A83F235002C7D70 /* bg.png */; };
/* End PBXBuildFile section */

/* Begin PBXFileReference section */
		22801F641A9E3828001DA901 /* SlideNavigationController.h */ = {isa = PBXFileReference; fileEncoding = 4; lastKnownFileType = sourcecode.c.h; path = SlideNavigationController.h; sourceTree = "<group>"; };
		22801F651A9E3828001DA901 /* SlideNavigationController.m */ = {isa = PBXFileReference; fileEncoding = 4; lastKnownFileType = sourcecode.c.objc; path = SlideNavigationController.m; sourceTree = "<group>"; };
		22801F681A9E385D001DA901 /* SlideNavigationContorllerAnimatorSlide.h */ = {isa = PBXFileReference; fileEncoding = 4; lastKnownFileType = sourcecode.c.h; path = SlideNavigationContorllerAnimatorSlide.h; sourceTree = "<group>"; };
		22801F691A9E385D001DA901 /* SlideNavigationContorllerAnimatorSlide.m */ = {isa = PBXFileReference; fileEncoding = 4; lastKnownFileType = sourcecode.c.objc; path = SlideNavigationContorllerAnimatorSlide.m; sourceTree = "<group>"; };
		22801F6A1A9E385D001DA901 /* SlideNavigationContorllerAnimatorFade.h */ = {isa = PBXFileReference; fileEncoding = 4; lastKnownFileType = sourcecode.c.h; path = SlideNavigationContorllerAnimatorFade.h; sourceTree = "<group>"; };
		22801F6B1A9E385D001DA901 /* SlideNavigationContorllerAnimatorFade.m */ = {isa = PBXFileReference; fileEncoding = 4; lastKnownFileType = sourcecode.c.objc; path = SlideNavigationContorllerAnimatorFade.m; sourceTree = "<group>"; };
		22801F6C1A9E385D001DA901 /* SlideNavigationContorllerAnimatorSlideAndFade.h */ = {isa = PBXFileReference; fileEncoding = 4; lastKnownFileType = sourcecode.c.h; path = SlideNavigationContorllerAnimatorSlideAndFade.h; sourceTree = "<group>"; };
		22801F6D1A9E385D001DA901 /* SlideNavigationContorllerAnimatorSlideAndFade.m */ = {isa = PBXFileReference; fileEncoding = 4; lastKnownFileType = sourcecode.c.objc; path = SlideNavigationContorllerAnimatorSlideAndFade.m; sourceTree = "<group>"; };
		22801F6E1A9E385D001DA901 /* SlideNavigationContorllerAnimatorScale.h */ = {isa = PBXFileReference; fileEncoding = 4; lastKnownFileType = sourcecode.c.h; path = SlideNavigationContorllerAnimatorScale.h; sourceTree = "<group>"; };
		22801F6F1A9E385D001DA901 /* SlideNavigationContorllerAnimatorScale.m */ = {isa = PBXFileReference; fileEncoding = 4; lastKnownFileType = sourcecode.c.objc; path = SlideNavigationContorllerAnimatorScale.m; sourceTree = "<group>"; };
		22801F701A9E385D001DA901 /* SlideNavigationContorllerAnimatorScaleAndFade.h */ = {isa = PBXFileReference; fileEncoding = 4; lastKnownFileType = sourcecode.c.h; path = SlideNavigationContorllerAnimatorScaleAndFade.h; sourceTree = "<group>"; };
		22801F711A9E385D001DA901 /* SlideNavigationContorllerAnimatorScaleAndFade.m */ = {isa = PBXFileReference; fileEncoding = 4; lastKnownFileType = sourcecode.c.objc; path = SlideNavigationContorllerAnimatorScaleAndFade.m; sourceTree = "<group>"; };
		22801F721A9E385D001DA901 /* SlideNavigationContorllerAnimator.h */ = {isa = PBXFileReference; fileEncoding = 4; lastKnownFileType = sourcecode.c.h; path = SlideNavigationContorllerAnimator.h; sourceTree = "<group>"; };
		2288FEFA1A9BEABC00E680FB /* Images.xcassets */ = {isa = PBXFileReference; lastKnownFileType = folder.assetcatalog; path = Images.xcassets; sourceTree = "<group>"; };
		22E3D26219C35FE600025701 /* Flyt Path.app */ = {isa = PBXFileReference; explicitFileType = wrapper.application; includeInIndex = 0; path = "Flyt Path.app"; sourceTree = BUILT_PRODUCTS_DIR; };
		22E3D26519C35FE600025701 /* Foundation.framework */ = {isa = PBXFileReference; lastKnownFileType = wrapper.framework; name = Foundation.framework; path = System/Library/Frameworks/Foundation.framework; sourceTree = SDKROOT; };
		22E3D26719C35FE600025701 /* CoreGraphics.framework */ = {isa = PBXFileReference; lastKnownFileType = wrapper.framework; name = CoreGraphics.framework; path = System/Library/Frameworks/CoreGraphics.framework; sourceTree = SDKROOT; };
		22E3D26919C35FE600025701 /* UIKit.framework */ = {isa = PBXFileReference; lastKnownFileType = wrapper.framework; name = UIKit.framework; path = System/Library/Frameworks/UIKit.framework; sourceTree = SDKROOT; };
		22E3D26D19C35FE600025701 /* FlytPath-Info.plist */ = {isa = PBXFileReference; lastKnownFileType = text.plist.xml; path = "FlytPath-Info.plist"; sourceTree = "<group>"; };
		22E3D26F19C35FE600025701 /* en */ = {isa = PBXFileReference; lastKnownFileType = text.plist.strings; name = en; path = en.lproj/InfoPlist.strings; sourceTree = "<group>"; };
		22E3D27119C35FE600025701 /* main.m */ = {isa = PBXFileReference; lastKnownFileType = sourcecode.c.objc; path = main.m; sourceTree = "<group>"; };
		22E3D27319C35FE600025701 /* FlytPath-Prefix.pch */ = {isa = PBXFileReference; lastKnownFileType = sourcecode.c.h; path = "FlytPath-Prefix.pch"; sourceTree = "<group>"; };
		22E3D27419C35FE600025701 /* AppDelegate.h */ = {isa = PBXFileReference; lastKnownFileType = sourcecode.c.h; path = AppDelegate.h; sourceTree = "<group>"; };
		22E3D27519C35FE600025701 /* AppDelegate.m */ = {isa = PBXFileReference; lastKnownFileType = sourcecode.c.objc; path = AppDelegate.m; sourceTree = "<group>"; };
		22E3D27D19C35FE600025701 /* HomeViewController.h */ = {isa = PBXFileReference; lastKnownFileType = sourcecode.c.h; path = HomeViewController.h; sourceTree = "<group>"; };
		22E3D27E19C35FE600025701 /* HomeViewController.m */ = {isa = PBXFileReference; lastKnownFileType = sourcecode.c.objc; path = HomeViewController.m; sourceTree = "<group>"; };
		22E3D28719C35FE600025701 /* XCTest.framework */ = {isa = PBXFileReference; lastKnownFileType = wrapper.framework; name = XCTest.framework; path = Library/Frameworks/XCTest.framework; sourceTree = DEVELOPER_DIR; };
		22E3D29D19C3689E00025701 /* ListViewController.h */ = {isa = PBXFileReference; fileEncoding = 4; lastKnownFileType = sourcecode.c.h; path = ListViewController.h; sourceTree = "<group>"; };
		22E3D29E19C3689E00025701 /* ListViewController.m */ = {isa = PBXFileReference; fileEncoding = 4; lastKnownFileType = sourcecode.c.objc; path = ListViewController.m; sourceTree = "<group>"; };
		22E3D2A019C368A600025701 /* DetailViewController.h */ = {isa = PBXFileReference; fileEncoding = 4; lastKnownFileType = sourcecode.c.h; path = DetailViewController.h; sourceTree = "<group>"; };
		22E3D2A119C368A600025701 /* DetailViewController.m */ = {isa = PBXFileReference; fileEncoding = 4; lastKnownFileType = sourcecode.c.objc; path = DetailViewController.m; sourceTree = "<group>"; };
		22E3D2A319C36B3900025701 /* WebViewController.h */ = {isa = PBXFileReference; fileEncoding = 4; lastKnownFileType = sourcecode.c.h; path = WebViewController.h; sourceTree = "<group>"; };
		22E3D2A419C36B3900025701 /* WebViewController.m */ = {isa = PBXFileReference; fileEncoding = 4; lastKnownFileType = sourcecode.c.objc; path = WebViewController.m; sourceTree = "<group>"; };
		F416DFDE1AA0072D00B152BA /* DeveloperWebsiteViewController.h */ = {isa = PBXFileReference; fileEncoding = 4; lastKnownFileType = sourcecode.c.h; path = DeveloperWebsiteViewController.h; sourceTree = "<group>"; };
		F416DFDF1AA0072D00B152BA /* DeveloperWebsiteViewController.m */ = {isa = PBXFileReference; fileEncoding = 4; lastKnownFileType = sourcecode.c.objc; path = DeveloperWebsiteViewController.m; sourceTree = "<group>"; };
		F4189AD61A840C880014287E /* backbutton.png */ = {isa = PBXFileReference; lastKnownFileType = image.png; path = backbutton.png; sourceTree = "<group>"; };
		F422462A1A83EAD3002C7D70 /* TitleViewController.h */ = {isa = PBXFileReference; fileEncoding = 4; lastKnownFileType = sourcecode.c.h; path = TitleViewController.h; sourceTree = "<group>"; };
		F422462B1A83EAD3002C7D70 /* TitleViewController.m */ = {isa = PBXFileReference; fileEncoding = 4; lastKnownFileType = sourcecode.c.objc; path = TitleViewController.m; sourceTree = "<group>"; };
		F422462D1A83EB20002C7D70 /* title.png */ = {isa = PBXFileReference; lastKnownFileType = image.png; name = title.png; path = ../../../Assets/Flytpath/title.png; sourceTree = "<group>"; };
		F42246341A83EE60002C7D70 /* SideMenuViewController.h */ = {isa = PBXFileReference; fileEncoding = 4; lastKnownFileType = sourcecode.c.h; path = SideMenuViewController.h; sourceTree = "<group>"; };
		F42246351A83EE60002C7D70 /* SideMenuViewController.m */ = {isa = PBXFileReference; fileEncoding = 4; lastKnownFileType = sourcecode.c.objc; path = SideMenuViewController.m; sourceTree = "<group>"; };
		F42246361A83EE60002C7D70 /* SideMenuViewController.xib */ = {isa = PBXFileReference; fileEncoding = 4; lastKnownFileType = file.xib; path = SideMenuViewController.xib; sourceTree = "<group>"; };
		F422463B1A83F162002C7D70 /* BaseViewController.h */ = {isa = PBXFileReference; fileEncoding = 4; lastKnownFileType = sourcecode.c.h; path = BaseViewController.h; sourceTree = "<group>"; };
		F422463C1A83F162002C7D70 /* BaseViewController.m */ = {isa = PBXFileReference; fileEncoding = 4; lastKnownFileType = sourcecode.c.objc; path = BaseViewController.m; sourceTree = "<group>"; };
		F422463E1A83F235002C7D70 /* bg.png */ = {isa = PBXFileReference; lastKnownFileType = image.png; name = bg.png; path = ../../../Assets/Flytpath/bg.png; sourceTree = "<group>"; };
/* End PBXFileReference section */

/* Begin PBXFrameworksBuildPhase section */
		22E3D25F19C35FE600025701 /* Frameworks */ = {
			isa = PBXFrameworksBuildPhase;
			buildActionMask = 2147483647;
			files = (
				22E3D26819C35FE600025701 /* CoreGraphics.framework in Frameworks */,
				22E3D26A19C35FE600025701 /* UIKit.framework in Frameworks */,
				22E3D26619C35FE600025701 /* Foundation.framework in Frameworks */,
			);
			runOnlyForDeploymentPostprocessing = 0;
		};
/* End PBXFrameworksBuildPhase section */

/* Begin PBXGroup section */
		22801F671A9E384F001DA901 /* SlideNavigationController */ = {
			isa = PBXGroup;
			children = (
				22801F641A9E3828001DA901 /* SlideNavigationController.h */,
				22801F651A9E3828001DA901 /* SlideNavigationController.m */,
				22801F681A9E385D001DA901 /* SlideNavigationContorllerAnimatorSlide.h */,
				22801F691A9E385D001DA901 /* SlideNavigationContorllerAnimatorSlide.m */,
				22801F6A1A9E385D001DA901 /* SlideNavigationContorllerAnimatorFade.h */,
				22801F6B1A9E385D001DA901 /* SlideNavigationContorllerAnimatorFade.m */,
				22801F6C1A9E385D001DA901 /* SlideNavigationContorllerAnimatorSlideAndFade.h */,
				22801F6D1A9E385D001DA901 /* SlideNavigationContorllerAnimatorSlideAndFade.m */,
				22801F6E1A9E385D001DA901 /* SlideNavigationContorllerAnimatorScale.h */,
				22801F6F1A9E385D001DA901 /* SlideNavigationContorllerAnimatorScale.m */,
				22801F701A9E385D001DA901 /* SlideNavigationContorllerAnimatorScaleAndFade.h */,
				22801F711A9E385D001DA901 /* SlideNavigationContorllerAnimatorScaleAndFade.m */,
				22801F721A9E385D001DA901 /* SlideNavigationContorllerAnimator.h */,
			);
			name = SlideNavigationController;
			sourceTree = "<group>";
		};
		22E3D25919C35FE600025701 = {
			isa = PBXGroup;
			children = (
				22E3D26B19C35FE600025701 /* FlytPath */,
				22E3D26419C35FE600025701 /* Frameworks */,
				22E3D26319C35FE600025701 /* Products */,
			);
			sourceTree = "<group>";
		};
		22E3D26319C35FE600025701 /* Products */ = {
			isa = PBXGroup;
			children = (
				22E3D26219C35FE600025701 /* Flyt Path.app */,
			);
			name = Products;
			sourceTree = "<group>";
		};
		22E3D26419C35FE600025701 /* Frameworks */ = {
			isa = PBXGroup;
			children = (
				22E3D26519C35FE600025701 /* Foundation.framework */,
				22E3D26719C35FE600025701 /* CoreGraphics.framework */,
				22E3D26919C35FE600025701 /* UIKit.framework */,
				22E3D28719C35FE600025701 /* XCTest.framework */,
			);
			name = Frameworks;
			sourceTree = "<group>";
		};
		22E3D26B19C35FE600025701 /* FlytPath */ = {
			isa = PBXGroup;
			children = (
				22E3D27419C35FE600025701 /* AppDelegate.h */,
				22E3D27519C35FE600025701 /* AppDelegate.m */,
				F422463A1A83EF27002C7D70 /* XIB */,
				F42246391A83EF21002C7D70 /* ViewControllers */,
				22E3D26C19C35FE600025701 /* Supporting Files */,
			);
			path = FlytPath;
			sourceTree = "<group>";
		};
		22E3D26C19C35FE600025701 /* Supporting Files */ = {
			isa = PBXGroup;
			children = (
				22801F671A9E384F001DA901 /* SlideNavigationController */,
				2288FEFA1A9BEABC00E680FB /* Images.xcassets */,
				F4189AD61A840C880014287E /* backbutton.png */,
				F422463E1A83F235002C7D70 /* bg.png */,
				F422462D1A83EB20002C7D70 /* title.png */,
				22E3D26D19C35FE600025701 /* FlytPath-Info.plist */,
				22E3D26E19C35FE600025701 /* InfoPlist.strings */,
				22E3D27119C35FE600025701 /* main.m */,
				22E3D27319C35FE600025701 /* FlytPath-Prefix.pch */,
			);
			name = "Supporting Files";
			sourceTree = "<group>";
		};
		F42246391A83EF21002C7D70 /* ViewControllers */ = {
			isa = PBXGroup;
			children = (
				F422462A1A83EAD3002C7D70 /* TitleViewController.h */,
				F422462B1A83EAD3002C7D70 /* TitleViewController.m */,
				22E3D27D19C35FE600025701 /* HomeViewController.h */,
				22E3D27E19C35FE600025701 /* HomeViewController.m */,
				22E3D29D19C3689E00025701 /* ListViewController.h */,
				22E3D29E19C3689E00025701 /* ListViewController.m */,
				22E3D2A019C368A600025701 /* DetailViewController.h */,
				22E3D2A119C368A600025701 /* DetailViewController.m */,
				22E3D2A319C36B3900025701 /* WebViewController.h */,
				22E3D2A419C36B3900025701 /* WebViewController.m */,
				F42246341A83EE60002C7D70 /* SideMenuViewController.h */,
				F42246351A83EE60002C7D70 /* SideMenuViewController.m */,
				F422463B1A83F162002C7D70 /* BaseViewController.h */,
				F422463C1A83F162002C7D70 /* BaseViewController.m */,
				F416DFDE1AA0072D00B152BA /* DeveloperWebsiteViewController.h */,
				F416DFDF1AA0072D00B152BA /* DeveloperWebsiteViewController.m */,
			);
			name = ViewControllers;
			sourceTree = "<group>";
		};
		F422463A1A83EF27002C7D70 /* XIB */ = {
			isa = PBXGroup;
			children = (
				F42246361A83EE60002C7D70 /* SideMenuViewController.xib */,
			);
			name = XIB;
			sourceTree = "<group>";
		};
/* End PBXGroup section */

/* Begin PBXNativeTarget section */
		22E3D26119C35FE600025701 /* FlytPath */ = {
			isa = PBXNativeTarget;
			buildConfigurationList = 22E3D29719C35FE600025701 /* Build configuration list for PBXNativeTarget "FlytPath" */;
			buildPhases = (
				22E3D25E19C35FE600025701 /* Sources */,
				22E3D25F19C35FE600025701 /* Frameworks */,
				22E3D26019C35FE600025701 /* Resources */,
			);
			buildRules = (
			);
			dependencies = (
			);
			name = FlytPath;
			productName = FlytPath;
			productReference = 22E3D26219C35FE600025701 /* Flyt Path.app */;
			productType = "com.apple.product-type.application";
		};
/* End PBXNativeTarget section */

/* Begin PBXProject section */
		22E3D25A19C35FE600025701 /* Project object */ = {
			isa = PBXProject;
			attributes = {
				LastUpgradeCheck = 0510;
				ORGANIZATIONNAME = "Erik Bye";
			};
			buildConfigurationList = 22E3D25D19C35FE600025701 /* Build configuration list for PBXProject "FlytPath" */;
			compatibilityVersion = "Xcode 3.2";
			developmentRegion = English;
			hasScannedForEncodings = 0;
			knownRegions = (
				en,
				Base,
			);
			mainGroup = 22E3D25919C35FE600025701;
			productRefGroup = 22E3D26319C35FE600025701 /* Products */;
			projectDirPath = "";
			projectRoot = "";
			targets = (
				22E3D26119C35FE600025701 /* FlytPath */,
			);
		};
/* End PBXProject section */

/* Begin PBXResourcesBuildPhase section */
		22E3D26019C35FE600025701 /* Resources */ = {
			isa = PBXResourcesBuildPhase;
			buildActionMask = 2147483647;
			files = (
				F4189AD71A840C880014287E /* backbutton.png in Resources */,
				F422463F1A83F235002C7D70 /* bg.png in Resources */,
				F42246381A83EE60002C7D70 /* SideMenuViewController.xib in Resources */,
				2288FEFB1A9BEABC00E680FB /* Images.xcassets in Resources */,
				22E3D27019C35FE600025701 /* InfoPlist.strings in Resources */,
				F422462E1A83EB20002C7D70 /* title.png in Resources */,
			);
			runOnlyForDeploymentPostprocessing = 0;
		};
/* End PBXResourcesBuildPhase section */

/* Begin PBXSourcesBuildPhase section */
		22E3D25E19C35FE600025701 /* Sources */ = {
			isa = PBXSourcesBuildPhase;
			buildActionMask = 2147483647;
			files = (
				F422462C1A83EAD3002C7D70 /* TitleViewController.m in Sources */,
				F422463D1A83F162002C7D70 /* BaseViewController.m in Sources */,
				22E3D2A219C368A600025701 /* DetailViewController.m in Sources */,
				22E3D2A519C36B3900025701 /* WebViewController.m in Sources */,
				22E3D27F19C35FE600025701 /* HomeViewController.m in Sources */,
				F42246371A83EE60002C7D70 /* SideMenuViewController.m in Sources */,
				F416DFE01AA0072D00B152BA /* DeveloperWebsiteViewController.m in Sources */,
				22801F741A9E385D001DA901 /* SlideNavigationContorllerAnimatorFade.m in Sources */,
				22801F731A9E385D001DA901 /* SlideNavigationContorllerAnimatorSlide.m in Sources */,
				22801F751A9E385D001DA901 /* SlideNavigationContorllerAnimatorSlideAndFade.m in Sources */,
				22E3D27619C35FE600025701 /* AppDelegate.m in Sources */,
				22801F771A9E385D001DA901 /* SlideNavigationContorllerAnimatorScaleAndFade.m in Sources */,
				22E3D29F19C3689E00025701 /* ListViewController.m in Sources */,
				22E3D27219C35FE600025701 /* main.m in Sources */,
				22801F661A9E3828001DA901 /* SlideNavigationController.m in Sources */,
				22801F761A9E385D001DA901 /* SlideNavigationContorllerAnimatorScale.m in Sources */,
			);
			runOnlyForDeploymentPostprocessing = 0;
		};
/* End PBXSourcesBuildPhase section */

/* Begin PBXVariantGroup section */
		22E3D26E19C35FE600025701 /* InfoPlist.strings */ = {
			isa = PBXVariantGroup;
			children = (
				22E3D26F19C35FE600025701 /* en */,
			);
			name = InfoPlist.strings;
			sourceTree = "<group>";
		};
/* End PBXVariantGroup section */

/* Begin XCBuildConfiguration section */
		22E3D29519C35FE600025701 /* Debug */ = {
			isa = XCBuildConfiguration;
			buildSettings = {
				ALWAYS_SEARCH_USER_PATHS = NO;
				CLANG_CXX_LANGUAGE_STANDARD = "gnu++0x";
				CLANG_CXX_LIBRARY = "libc++";
				CLANG_ENABLE_MODULES = YES;
				CLANG_ENABLE_OBJC_ARC = YES;
				CLANG_WARN_BOOL_CONVERSION = YES;
				CLANG_WARN_CONSTANT_CONVERSION = YES;
				CLANG_WARN_DIRECT_OBJC_ISA_USAGE = YES_ERROR;
				CLANG_WARN_EMPTY_BODY = YES;
				CLANG_WARN_ENUM_CONVERSION = YES;
				CLANG_WARN_INT_CONVERSION = YES;
				CLANG_WARN_OBJC_ROOT_CLASS = YES_ERROR;
				CLANG_WARN__DUPLICATE_METHOD_MATCH = YES;
				"CODE_SIGN_IDENTITY[sdk=iphoneos*]" = "iPhone Developer";
				COPY_PHASE_STRIP = NO;
				GCC_C_LANGUAGE_STANDARD = gnu99;
				GCC_DYNAMIC_NO_PIC = NO;
				GCC_OPTIMIZATION_LEVEL = 0;
				GCC_PREPROCESSOR_DEFINITIONS = (
					"DEBUG=1",
					"$(inherited)",
				);
				GCC_SYMBOLS_PRIVATE_EXTERN = NO;
				GCC_WARN_64_TO_32_BIT_CONVERSION = YES;
				GCC_WARN_ABOUT_RETURN_TYPE = YES_ERROR;
				GCC_WARN_UNDECLARED_SELECTOR = YES;
				GCC_WARN_UNINITIALIZED_AUTOS = YES_AGGRESSIVE;
				GCC_WARN_UNUSED_FUNCTION = YES;
				GCC_WARN_UNUSED_VARIABLE = YES;
				IPHONEOS_DEPLOYMENT_TARGET = 7.1;
				ONLY_ACTIVE_ARCH = YES;
				SDKROOT = iphoneos;
				TARGETED_DEVICE_FAMILY = "1,2";
			};
			name = Debug;
		};
		22E3D29619C35FE600025701 /* Release */ = {
			isa = XCBuildConfiguration;
			buildSettings = {
				ALWAYS_SEARCH_USER_PATHS = NO;
				CLANG_CXX_LANGUAGE_STANDARD = "gnu++0x";
				CLANG_CXX_LIBRARY = "libc++";
				CLANG_ENABLE_MODULES = YES;
				CLANG_ENABLE_OBJC_ARC = YES;
				CLANG_WARN_BOOL_CONVERSION = YES;
				CLANG_WARN_CONSTANT_CONVERSION = YES;
				CLANG_WARN_DIRECT_OBJC_ISA_USAGE = YES_ERROR;
				CLANG_WARN_EMPTY_BODY = YES;
				CLANG_WARN_ENUM_CONVERSION = YES;
				CLANG_WARN_INT_CONVERSION = YES;
				CLANG_WARN_OBJC_ROOT_CLASS = YES_ERROR;
				CLANG_WARN__DUPLICATE_METHOD_MATCH = YES;
				"CODE_SIGN_IDENTITY[sdk=iphoneos*]" = "iPhone Developer";
				COPY_PHASE_STRIP = YES;
				ENABLE_NS_ASSERTIONS = NO;
				GCC_C_LANGUAGE_STANDARD = gnu99;
				GCC_WARN_64_TO_32_BIT_CONVERSION = YES;
				GCC_WARN_ABOUT_RETURN_TYPE = YES_ERROR;
				GCC_WARN_UNDECLARED_SELECTOR = YES;
				GCC_WARN_UNINITIALIZED_AUTOS = YES_AGGRESSIVE;
				GCC_WARN_UNUSED_FUNCTION = YES;
				GCC_WARN_UNUSED_VARIABLE = YES;
				IPHONEOS_DEPLOYMENT_TARGET = 7.1;
				SDKROOT = iphoneos;
				TARGETED_DEVICE_FAMILY = "1,2";
				VALIDATE_PRODUCT = YES;
			};
			name = Release;
		};
		22E3D29819C35FE600025701 /* Debug */ = {
			isa = XCBuildConfiguration;
			buildSettings = {
				ASSETCATALOG_COMPILER_APPICON_NAME = AppIcon;
				ASSETCATALOG_COMPILER_LAUNCHIMAGE_NAME = SplashScreen;
				CODE_SIGN_IDENTITY = "iPhone Developer";
				GCC_PRECOMPILE_PREFIX_HEADER = YES;
				GCC_PREFIX_HEADER = "FlytPath/FlytPath-Prefix.pch";
				INFOPLIST_FILE = "FlytPath/FlytPath-Info.plist";
				PRODUCT_NAME = "Flyt Path";
				PROVISIONING_PROFILE = "c5e9875e-6eae-41d5-80e1-e53255da1689";
				WRAPPER_EXTENSION = app;
			};
			name = Debug;
		};
		22E3D29919C35FE600025701 /* Release */ = {
			isa = XCBuildConfiguration;
			buildSettings = {
				ASSETCATALOG_COMPILER_APPICON_NAME = AppIcon;
				ASSETCATALOG_COMPILER_LAUNCHIMAGE_NAME = SplashScreen;
				CODE_SIGN_IDENTITY = "iPhone Distribution";
				GCC_PRECOMPILE_PREFIX_HEADER = YES;
				GCC_PREFIX_HEADER = "FlytPath/FlytPath-Prefix.pch";
				INFOPLIST_FILE = "FlytPath/FlytPath-Info.plist";
				PRODUCT_NAME = "Flyt Path";
				PROVISIONING_PROFILE = "c5e9875e-6eae-41d5-80e1-e53255da1689";
				WRAPPER_EXTENSION = app;
			};
			name = Release;
		};
/* End XCBuildConfiguration section */

/* Begin XCConfigurationList section */
		22E3D25D19C35FE600025701 /* Build configuration list for PBXProject "FlytPath" */ = {
			isa = XCConfigurationList;
			buildConfigurations = (
				22E3D29519C35FE600025701 /* Debug */,
				22E3D29619C35FE600025701 /* Release */,
			);
			defaultConfigurationIsVisible = 0;
			defaultConfigurationName = Release;
		};
		22E3D29719C35FE600025701 /* Build configuration list for PBXNativeTarget "FlytPath" */ = {
			isa = XCConfigurationList;
			buildConfigurations = (
				22E3D29819C35FE600025701 /* Debug */,
				22E3D29919C35FE600025701 /* Release */,
			);
			defaultConfigurationIsVisible = 0;
			defaultConfigurationName = Release;
		};
/* End XCConfigurationList section */
	};
	rootObject = 22E3D25A19C35FE600025701 /* Project object */;
}
